
Microsoft Visual Studio Solution File, Format Version 12.00
# Visual Studio Version 16
VisualStudioVersion = 16.0.30621.155
MinimumVisualStudioVersion = 10.0.40219.1
Project("{FAE04EC0-301F-11D3-BF4B-00C04F79EFBC}") = "StructAssignment", "StructAssignment\StructAssignment.csproj", "{EE7FCF3D-85C9-4C84-A6FA-A01BDF2C485F}"
EndProject
Global
	GlobalSection(SolutionConfigurationPlatforms) = preSolution
		Debug|Any CPU = Debug|Any CPU
		Release|Any CPU = Release|Any CPU
	EndGlobalSection
	GlobalSection(ProjectConfigurationPlatforms) = postSolution
		{EE7FCF3D-85C9-4C84-A6FA-A01BDF2C485F}.Debug|Any CPU.ActiveCfg = Debug|Any CPU
		{EE7FCF3D-85C9-4C84-A6FA-A01BDF2C485F}.Debug|Any CPU.Build.0 = Debug|Any CPU
		{EE7FCF3D-85C9-4C84-A6FA-A01BDF2C485F}.Release|Any CPU.ActiveCfg = Release|Any CPU
		{EE7FCF3D-85C9-4C84-A6FA-A01BDF2C485F}.Release|Any CPU.Build.0 = Release|Any CPU
	EndGlobalSection
	GlobalSection(SolutionProperties) = preSolution
		HideSolutionNode = FALSE
	EndGlobalSection
	GlobalSection(ExtensibilityGlobals) = postSolution
		SolutionGuid = {20BD42DA-012C-4A24-9CF2-4601DB564850}
	EndGlobalSection
EndGlobal
