
Microsoft Visual Studio Solution File, Format Version 12.00
# Visual Studio Version 16
VisualStudioVersion = 16.0.30621.155
MinimumVisualStudioVersion = 10.0.40219.1
Project("{FAE04EC0-301F-11D3-BF4B-00C04F79EFBC}") = "ContosoUniversity", "ContosoUniversity\ContosoUniversity.csproj", "{FF7DD4FB-0671-4B6D-9021-0F95F900CEAA}"
EndProject
Global
	GlobalSection(SolutionConfigurationPlatforms) = preSolution
		Debug|Any CPU = Debug|Any CPU
		Release|Any CPU = Release|Any CPU
	EndGlobalSection
	GlobalSection(ProjectConfigurationPlatforms) = postSolution
		{FF7DD4FB-0671-4B6D-9021-0F95F900CEAA}.Debug|Any CPU.ActiveCfg = Debug|Any CPU
		{FF7DD4FB-0671-4B6D-9021-0F95F900CEAA}.Debug|Any CPU.Build.0 = Debug|Any CPU
		{FF7DD4FB-0671-4B6D-9021-0F95F900CEAA}.Release|Any CPU.ActiveCfg = Release|Any CPU
		{FF7DD4FB-0671-4B6D-9021-0F95F900CEAA}.Release|Any CPU.Build.0 = Release|Any CPU
	EndGlobalSection
	GlobalSection(SolutionProperties) = preSolution
		HideSolutionNode = FALSE
	EndGlobalSection
	GlobalSection(ExtensibilityGlobals) = postSolution
		SolutionGuid = {66D17887-2CAA-47A2-98EC-D9BD1C4D695B}
	EndGlobalSection
EndGlobal
