
Microsoft Visual Studio Solution File, Format Version 12.00
# Visual Studio Version 16
VisualStudioVersion = 16.0.30621.155
MinimumVisualStudioVersion = 10.0.40219.1
Project("{FAE04EC0-301F-11D3-BF4B-00C04F79EFBC}") = "MathematicOperations", "MathematicOperations\MathematicOperations.csproj", "{B5BFB7DD-F0AA-498C-8422-BC746F46FAF9}"
EndProject
Global
	GlobalSection(SolutionConfigurationPlatforms) = preSolution
		Debug|Any CPU = Debug|Any CPU
		Release|Any CPU = Release|Any CPU
	EndGlobalSection
	GlobalSection(ProjectConfigurationPlatforms) = postSolution
		{B5BFB7DD-F0AA-498C-8422-BC746F46FAF9}.Debug|Any CPU.ActiveCfg = Debug|Any CPU
		{B5BFB7DD-F0AA-498C-8422-BC746F46FAF9}.Debug|Any CPU.Build.0 = Debug|Any CPU
		{B5BFB7DD-F0AA-498C-8422-BC746F46FAF9}.Release|Any CPU.ActiveCfg = Release|Any CPU
		{B5BFB7DD-F0AA-498C-8422-BC746F46FAF9}.Release|Any CPU.Build.0 = Release|Any CPU
	EndGlobalSection
	GlobalSection(SolutionProperties) = preSolution
		HideSolutionNode = FALSE
	EndGlobalSection
	GlobalSection(ExtensibilityGlobals) = postSolution
		SolutionGuid = {7204C17A-DF73-4807-BD0B-AA5E75BD896F}
	EndGlobalSection
EndGlobal
