
Microsoft Visual Studio Solution File, Format Version 12.00
# Visual Studio Version 16
VisualStudioVersion = 16.0.30621.155
MinimumVisualStudioVersion = 10.0.40219.1
Project("{FAE04EC0-301F-11D3-BF4B-00C04F79EFBC}") = "IncomeComparison", "IncomeComparison\IncomeComparison.csproj", "{A5B2F3E4-5DFD-41A7-A2F0-91B4F227814A}"
EndProject
Global
	GlobalSection(SolutionConfigurationPlatforms) = preSolution
		Debug|Any CPU = Debug|Any CPU
		Release|Any CPU = Release|Any CPU
	EndGlobalSection
	GlobalSection(ProjectConfigurationPlatforms) = postSolution
		{A5B2F3E4-5DFD-41A7-A2F0-91B4F227814A}.Debug|Any CPU.ActiveCfg = Debug|Any CPU
		{A5B2F3E4-5DFD-41A7-A2F0-91B4F227814A}.Debug|Any CPU.Build.0 = Debug|Any CPU
		{A5B2F3E4-5DFD-41A7-A2F0-91B4F227814A}.Release|Any CPU.ActiveCfg = Release|Any CPU
		{A5B2F3E4-5DFD-41A7-A2F0-91B4F227814A}.Release|Any CPU.Build.0 = Release|Any CPU
	EndGlobalSection
	GlobalSection(SolutionProperties) = preSolution
		HideSolutionNode = FALSE
	EndGlobalSection
	GlobalSection(ExtensibilityGlobals) = postSolution
		SolutionGuid = {4C98D000-7B90-4CA9-87EE-9A7A24AADEFC}
	EndGlobalSection
EndGlobal
