
Microsoft Visual Studio Solution File, Format Version 12.00
# Visual Studio Version 16
VisualStudioVersion = 16.0.30621.155
MinimumVisualStudioVersion = 10.0.40219.1
Project("{FAE04EC0-301F-11D3-BF4B-00C04F79EFBC}") = "WebApplication3", "WebApplication3\WebApplication3.csproj", "{38BAC101-174A-4609-AD8F-724BBAAF1BCD}"
EndProject
Global
	GlobalSection(SolutionConfigurationPlatforms) = preSolution
		Debug|Any CPU = Debug|Any CPU
		Release|Any CPU = Release|Any CPU
	EndGlobalSection
	GlobalSection(ProjectConfigurationPlatforms) = postSolution
		{38BAC101-174A-4609-AD8F-724BBAAF1BCD}.Debug|Any CPU.ActiveCfg = Debug|Any CPU
		{38BAC101-174A-4609-AD8F-724BBAAF1BCD}.Debug|Any CPU.Build.0 = Debug|Any CPU
		{38BAC101-174A-4609-AD8F-724BBAAF1BCD}.Release|Any CPU.ActiveCfg = Release|Any CPU
		{38BAC101-174A-4609-AD8F-724BBAAF1BCD}.Release|Any CPU.Build.0 = Release|Any CPU
	EndGlobalSection
	GlobalSection(SolutionProperties) = preSolution
		HideSolutionNode = FALSE
	EndGlobalSection
	GlobalSection(ExtensibilityGlobals) = postSolution
		SolutionGuid = {2BF99871-742D-4C93-A608-00E082A4E942}
	EndGlobalSection
EndGlobal
