
Microsoft Visual Studio Solution File, Format Version 12.00
# Visual Studio Version 16
VisualStudioVersion = 16.0.30621.155
MinimumVisualStudioVersion = 10.0.40219.1
Project("{FAE04EC0-301F-11D3-BF4B-00C04F79EFBC}") = "TwentyOne", "TwentyOne\TwentyOne.csproj", "{1111B585-569F-4041-990B-54EAA43DDD56}"
EndProject
Project("{FAE04EC0-301F-11D3-BF4B-00C04F79EFBC}") = "Casino", "Casino\Casino.csproj", "{5E6D9835-72F8-4814-A2C3-E79B61B51021}"
EndProject
Global
	GlobalSection(SolutionConfigurationPlatforms) = preSolution
		Debug|Any CPU = Debug|Any CPU
		Release|Any CPU = Release|Any CPU
	EndGlobalSection
	GlobalSection(ProjectConfigurationPlatforms) = postSolution
		{1111B585-569F-4041-990B-54EAA43DDD56}.Debug|Any CPU.ActiveCfg = Debug|Any CPU
		{1111B585-569F-4041-990B-54EAA43DDD56}.Debug|Any CPU.Build.0 = Debug|Any CPU
		{1111B585-569F-4041-990B-54EAA43DDD56}.Release|Any CPU.ActiveCfg = Release|Any CPU
		{1111B585-569F-4041-990B-54EAA43DDD56}.Release|Any CPU.Build.0 = Release|Any CPU
		{5E6D9835-72F8-4814-A2C3-E79B61B51021}.Debug|Any CPU.ActiveCfg = Debug|Any CPU
		{5E6D9835-72F8-4814-A2C3-E79B61B51021}.Debug|Any CPU.Build.0 = Debug|Any CPU
		{5E6D9835-72F8-4814-A2C3-E79B61B51021}.Release|Any CPU.ActiveCfg = Release|Any CPU
		{5E6D9835-72F8-4814-A2C3-E79B61B51021}.Release|Any CPU.Build.0 = Release|Any CPU
	EndGlobalSection
	GlobalSection(SolutionProperties) = preSolution
		HideSolutionNode = FALSE
	EndGlobalSection
	GlobalSection(ExtensibilityGlobals) = postSolution
		SolutionGuid = {C4D66D32-3821-4820-84B8-8390EA84D714}
	EndGlobalSection
EndGlobal
