
Microsoft Visual Studio Solution File, Format Version 12.00
# Visual Studio Version 16
VisualStudioVersion = 16.0.30621.155
MinimumVisualStudioVersion = 10.0.40219.1
Project("{FAE04EC0-301F-11D3-BF4B-00C04F79EFBC}") = "Loops", "Loops\Loops.csproj", "{FB21A193-701B-49CB-B7BE-A21A7467DA78}"
EndProject
Global
	GlobalSection(SolutionConfigurationPlatforms) = preSolution
		Debug|Any CPU = Debug|Any CPU
		Release|Any CPU = Release|Any CPU
	EndGlobalSection
	GlobalSection(ProjectConfigurationPlatforms) = postSolution
		{FB21A193-701B-49CB-B7BE-A21A7467DA78}.Debug|Any CPU.ActiveCfg = Debug|Any CPU
		{FB21A193-701B-49CB-B7BE-A21A7467DA78}.Debug|Any CPU.Build.0 = Debug|Any CPU
		{FB21A193-701B-49CB-B7BE-A21A7467DA78}.Release|Any CPU.ActiveCfg = Release|Any CPU
		{FB21A193-701B-49CB-B7BE-A21A7467DA78}.Release|Any CPU.Build.0 = Release|Any CPU
	EndGlobalSection
	GlobalSection(SolutionProperties) = preSolution
		HideSolutionNode = FALSE
	EndGlobalSection
	GlobalSection(ExtensibilityGlobals) = postSolution
		SolutionGuid = {E814B23A-2371-45ED-9D6B-C0D07FDB3EF7}
	EndGlobalSection
EndGlobal
