
Microsoft Visual Studio Solution File, Format Version 12.00
# Visual Studio Version 16
VisualStudioVersion = 16.0.30621.155
MinimumVisualStudioVersion = 10.0.40219.1
Project("{FAE04EC0-301F-11D3-BF4B-00C04F79EFBC}") = "NewsletterAppMVC", "NewsletterAppMVC\NewsletterAppMVC.csproj", "{286F7A5B-2DAF-4E2F-998F-FB76A3AF75E4}"
EndProject
Global
	GlobalSection(SolutionConfigurationPlatforms) = preSolution
		Debug|Any CPU = Debug|Any CPU
		Release|Any CPU = Release|Any CPU
	EndGlobalSection
	GlobalSection(ProjectConfigurationPlatforms) = postSolution
		{286F7A5B-2DAF-4E2F-998F-FB76A3AF75E4}.Debug|Any CPU.ActiveCfg = Debug|Any CPU
		{286F7A5B-2DAF-4E2F-998F-FB76A3AF75E4}.Debug|Any CPU.Build.0 = Debug|Any CPU
		{286F7A5B-2DAF-4E2F-998F-FB76A3AF75E4}.Release|Any CPU.ActiveCfg = Release|Any CPU
		{286F7A5B-2DAF-4E2F-998F-FB76A3AF75E4}.Release|Any CPU.Build.0 = Release|Any CPU
	EndGlobalSection
	GlobalSection(SolutionProperties) = preSolution
		HideSolutionNode = FALSE
	EndGlobalSection
	GlobalSection(ExtensibilityGlobals) = postSolution
		SolutionGuid = {8178D9C7-80C0-43AD-A3A4-042C0C597482}
	EndGlobalSection
EndGlobal
