
Microsoft Visual Studio Solution File, Format Version 12.00
# Visual Studio Version 16
VisualStudioVersion = 16.0.30621.155
MinimumVisualStudioVersion = 10.0.40219.1
Project("{FAE04EC0-301F-11D3-BF4B-00C04F79EFBC}") = "Scores", "Scores\Scores.csproj", "{67F9A59C-20B8-4D2B-B2FF-4AC53299818B}"
EndProject
Global
	GlobalSection(SolutionConfigurationPlatforms) = preSolution
		Debug|Any CPU = Debug|Any CPU
		Release|Any CPU = Release|Any CPU
	EndGlobalSection
	GlobalSection(ProjectConfigurationPlatforms) = postSolution
		{67F9A59C-20B8-4D2B-B2FF-4AC53299818B}.Debug|Any CPU.ActiveCfg = Debug|Any CPU
		{67F9A59C-20B8-4D2B-B2FF-4AC53299818B}.Debug|Any CPU.Build.0 = Debug|Any CPU
		{67F9A59C-20B8-4D2B-B2FF-4AC53299818B}.Release|Any CPU.ActiveCfg = Release|Any CPU
		{67F9A59C-20B8-4D2B-B2FF-4AC53299818B}.Release|Any CPU.Build.0 = Release|Any CPU
	EndGlobalSection
	GlobalSection(SolutionProperties) = preSolution
		HideSolutionNode = FALSE
	EndGlobalSection
	GlobalSection(ExtensibilityGlobals) = postSolution
		SolutionGuid = {1370FC3C-699B-41C0-B8BD-DEC324FE36CD}
	EndGlobalSection
EndGlobal
