
Microsoft Visual Studio Solution File, Format Version 12.00
# Visual Studio Version 16
VisualStudioVersion = 16.0.30621.155
MinimumVisualStudioVersion = 10.0.40219.1
Project("{FAE04EC0-301F-11D3-BF4B-00C04F79EFBC}") = "MathAndComparisonOperators", "MathAndComparisonOperators\MathAndComparisonOperators.csproj", "{6B0F7E93-8F8C-494A-99FA-E283C25D95DC}"
EndProject
Global
	GlobalSection(SolutionConfigurationPlatforms) = preSolution
		Debug|Any CPU = Debug|Any CPU
		Release|Any CPU = Release|Any CPU
	EndGlobalSection
	GlobalSection(ProjectConfigurationPlatforms) = postSolution
		{6B0F7E93-8F8C-494A-99FA-E283C25D95DC}.Debug|Any CPU.ActiveCfg = Debug|Any CPU
		{6B0F7E93-8F8C-494A-99FA-E283C25D95DC}.Debug|Any CPU.Build.0 = Debug|Any CPU
		{6B0F7E93-8F8C-494A-99FA-E283C25D95DC}.Release|Any CPU.ActiveCfg = Release|Any CPU
		{6B0F7E93-8F8C-494A-99FA-E283C25D95DC}.Release|Any CPU.Build.0 = Release|Any CPU
	EndGlobalSection
	GlobalSection(SolutionProperties) = preSolution
		HideSolutionNode = FALSE
	EndGlobalSection
	GlobalSection(ExtensibilityGlobals) = postSolution
		SolutionGuid = {F77D755F-4367-44CD-8FF1-34C6D4239D91}
	EndGlobalSection
EndGlobal
