
Microsoft Visual Studio Solution File, Format Version 12.00
# Visual Studio Version 16
VisualStudioVersion = 16.0.30621.155
MinimumVisualStudioVersion = 10.0.40219.1
Project("{FAE04EC0-301F-11D3-BF4B-00C04F79EFBC}") = "MultiParameterMethod", "MultiParameterMethod\MultiParameterMethod.csproj", "{F648B803-F307-4812-881A-3354F75FF81F}"
EndProject
Global
	GlobalSection(SolutionConfigurationPlatforms) = preSolution
		Debug|Any CPU = Debug|Any CPU
		Release|Any CPU = Release|Any CPU
	EndGlobalSection
	GlobalSection(ProjectConfigurationPlatforms) = postSolution
		{F648B803-F307-4812-881A-3354F75FF81F}.Debug|Any CPU.ActiveCfg = Debug|Any CPU
		{F648B803-F307-4812-881A-3354F75FF81F}.Debug|Any CPU.Build.0 = Debug|Any CPU
		{F648B803-F307-4812-881A-3354F75FF81F}.Release|Any CPU.ActiveCfg = Release|Any CPU
		{F648B803-F307-4812-881A-3354F75FF81F}.Release|Any CPU.Build.0 = Release|Any CPU
	EndGlobalSection
	GlobalSection(SolutionProperties) = preSolution
		HideSolutionNode = FALSE
	EndGlobalSection
	GlobalSection(ExtensibilityGlobals) = postSolution
		SolutionGuid = {0C90EED8-3486-48FC-8B19-D1F2378CBDD2}
	EndGlobalSection
EndGlobal
