
Microsoft Visual Studio Solution File, Format Version 12.00
# Visual Studio Version 16
VisualStudioVersion = 16.0.30621.155
MinimumVisualStudioVersion = 10.0.40219.1
Project("{FAE04EC0-301F-11D3-BF4B-00C04F79EFBC}") = "ComprehensiveAssignment", "ComprehensiveAssignment\ComprehensiveAssignment.csproj", "{2F5C6AD3-414B-4DC4-AF41-DE958FD80389}"
EndProject
Global
	GlobalSection(SolutionConfigurationPlatforms) = preSolution
		Debug|Any CPU = Debug|Any CPU
		Release|Any CPU = Release|Any CPU
	EndGlobalSection
	GlobalSection(ProjectConfigurationPlatforms) = postSolution
		{2F5C6AD3-414B-4DC4-AF41-DE958FD80389}.Debug|Any CPU.ActiveCfg = Debug|Any CPU
		{2F5C6AD3-414B-4DC4-AF41-DE958FD80389}.Debug|Any CPU.Build.0 = Debug|Any CPU
		{2F5C6AD3-414B-4DC4-AF41-DE958FD80389}.Release|Any CPU.ActiveCfg = Release|Any CPU
		{2F5C6AD3-414B-4DC4-AF41-DE958FD80389}.Release|Any CPU.Build.0 = Release|Any CPU
	EndGlobalSection
	GlobalSection(SolutionProperties) = preSolution
		HideSolutionNode = FALSE
	EndGlobalSection
	GlobalSection(ExtensibilityGlobals) = postSolution
		SolutionGuid = {AD0AE17F-94B9-4D2E-AA84-DC16548763E7}
	EndGlobalSection
EndGlobal
