
Microsoft Visual Studio Solution File, Format Version 12.00
# Visual Studio Version 16
VisualStudioVersion = 16.0.30621.155
MinimumVisualStudioVersion = 10.0.40219.1
Project("{FAE04EC0-301F-11D3-BF4B-00C04F79EFBC}") = "HelloWorld", "HelloWorld\HelloWorld.csproj", "{701A8B7C-80E0-4BB9-800B-226C7BF7BDFB}"
EndProject
Global
	GlobalSection(SolutionConfigurationPlatforms) = preSolution
		Debug|Any CPU = Debug|Any CPU
		Release|Any CPU = Release|Any CPU
	EndGlobalSection
	GlobalSection(ProjectConfigurationPlatforms) = postSolution
		{701A8B7C-80E0-4BB9-800B-226C7BF7BDFB}.Debug|Any CPU.ActiveCfg = Debug|Any CPU
		{701A8B7C-80E0-4BB9-800B-226C7BF7BDFB}.Debug|Any CPU.Build.0 = Debug|Any CPU
		{701A8B7C-80E0-4BB9-800B-226C7BF7BDFB}.Release|Any CPU.ActiveCfg = Release|Any CPU
		{701A8B7C-80E0-4BB9-800B-226C7BF7BDFB}.Release|Any CPU.Build.0 = Release|Any CPU
	EndGlobalSection
	GlobalSection(SolutionProperties) = preSolution
		HideSolutionNode = FALSE
	EndGlobalSection
	GlobalSection(ExtensibilityGlobals) = postSolution
		SolutionGuid = {E9A8117C-3279-45DD-8F02-42EE5318E0AC}
	EndGlobalSection
EndGlobal
