
Microsoft Visual Studio Solution File, Format Version 12.00
# Visual Studio Version 16
VisualStudioVersion = 16.0.30621.155
MinimumVisualStudioVersion = 10.0.40219.1
Project("{FAE04EC0-301F-11D3-BF4B-00C04F79EFBC}") = "VariablesAndDataTypes", "VariablesAndDataTypes\VariablesAndDataTypes.csproj", "{260818A6-E0C6-4B62-9D1A-4F9C3A200FD3}"
EndProject
Global
	GlobalSection(SolutionConfigurationPlatforms) = preSolution
		Debug|Any CPU = Debug|Any CPU
		Release|Any CPU = Release|Any CPU
	EndGlobalSection
	GlobalSection(ProjectConfigurationPlatforms) = postSolution
		{260818A6-E0C6-4B62-9D1A-4F9C3A200FD3}.Debug|Any CPU.ActiveCfg = Debug|Any CPU
		{260818A6-E0C6-4B62-9D1A-4F9C3A200FD3}.Debug|Any CPU.Build.0 = Debug|Any CPU
		{260818A6-E0C6-4B62-9D1A-4F9C3A200FD3}.Release|Any CPU.ActiveCfg = Release|Any CPU
		{260818A6-E0C6-4B62-9D1A-4F9C3A200FD3}.Release|Any CPU.Build.0 = Release|Any CPU
	EndGlobalSection
	GlobalSection(SolutionProperties) = preSolution
		HideSolutionNode = FALSE
	EndGlobalSection
	GlobalSection(ExtensibilityGlobals) = postSolution
		SolutionGuid = {A1D61189-5552-4DAA-947A-97512E1D3099}
	EndGlobalSection
EndGlobal
