
Microsoft Visual Studio Solution File, Format Version 12.00
# Visual Studio Version 16
VisualStudioVersion = 16.0.30621.155
MinimumVisualStudioVersion = 10.0.40219.1
Project("{FAE04EC0-301F-11D3-BF4B-00C04F79EFBC}") = "CarInsuranceApproval", "CarInsuranceApproval\CarInsuranceApproval.csproj", "{39F8088E-EB92-4335-A128-3D2EF7C497E2}"
EndProject
Global
	GlobalSection(SolutionConfigurationPlatforms) = preSolution
		Debug|Any CPU = Debug|Any CPU
		Release|Any CPU = Release|Any CPU
	EndGlobalSection
	GlobalSection(ProjectConfigurationPlatforms) = postSolution
		{39F8088E-EB92-4335-A128-3D2EF7C497E2}.Debug|Any CPU.ActiveCfg = Debug|Any CPU
		{39F8088E-EB92-4335-A128-3D2EF7C497E2}.Debug|Any CPU.Build.0 = Debug|Any CPU
		{39F8088E-EB92-4335-A128-3D2EF7C497E2}.Release|Any CPU.ActiveCfg = Release|Any CPU
		{39F8088E-EB92-4335-A128-3D2EF7C497E2}.Release|Any CPU.Build.0 = Release|Any CPU
	EndGlobalSection
	GlobalSection(SolutionProperties) = preSolution
		HideSolutionNode = FALSE
	EndGlobalSection
	GlobalSection(ExtensibilityGlobals) = postSolution
		SolutionGuid = {0F0DAB89-485A-4B1C-A9F6-3EEC1FD15D6C}
	EndGlobalSection
EndGlobal
