
Microsoft Visual Studio Solution File, Format Version 12.00
# Visual Studio Version 16
VisualStudioVersion = 16.0.30621.155
MinimumVisualStudioVersion = 10.0.40219.1
Project("{FAE04EC0-301F-11D3-BF4B-00C04F79EFBC}") = "BooleanLogic", "BooleanLogic\BooleanLogic.csproj", "{0BC866D4-2B10-414D-A324-3404069CA2D6}"
EndProject
Global
	GlobalSection(SolutionConfigurationPlatforms) = preSolution
		Debug|Any CPU = Debug|Any CPU
		Release|Any CPU = Release|Any CPU
	EndGlobalSection
	GlobalSection(ProjectConfigurationPlatforms) = postSolution
		{0BC866D4-2B10-414D-A324-3404069CA2D6}.Debug|Any CPU.ActiveCfg = Debug|Any CPU
		{0BC866D4-2B10-414D-A324-3404069CA2D6}.Debug|Any CPU.Build.0 = Debug|Any CPU
		{0BC866D4-2B10-414D-A324-3404069CA2D6}.Release|Any CPU.ActiveCfg = Release|Any CPU
		{0BC866D4-2B10-414D-A324-3404069CA2D6}.Release|Any CPU.Build.0 = Release|Any CPU
	EndGlobalSection
	GlobalSection(SolutionProperties) = preSolution
		HideSolutionNode = FALSE
	EndGlobalSection
	GlobalSection(ExtensibilityGlobals) = postSolution
		SolutionGuid = {022D0372-3C5D-4427-8653-B50D2FD7ED71}
	EndGlobalSection
EndGlobal
